
Microsoft Visual Studio Solution File, Format Version 12.00
# Visual Studio Version 17
VisualStudioVersion = 17.0.32014.148
MinimumVisualStudioVersion = 10.0.40219.1
Project("{9A19103F-16F7-4668-BE54-9A1E7A4F7556}") = "Ecommerce.Business", "Ecommerce.Business\Ecommerce.Business.csproj", "{6AC4AC8F-E20B-4239-BD82-19817699BC0E}"
EndProject
Project("{9A19103F-16F7-4668-BE54-9A1E7A4F7556}") = "Ecommerce.Contracts", "Ecommerce.Contracts\Ecommerce.Contracts.csproj", "{A2826DDA-E7D2-49B7-BC1A-90C84B1031C2}"
EndProject
Project("{9A19103F-16F7-4668-BE54-9A1E7A4F7556}") = "Ecommerce.Customer", "Ecommerce.Customer\Ecommerce.Customer.csproj", "{36B1C265-F937-44BA-ABD1-E2FD985D6469}"
EndProject
Project("{9A19103F-16F7-4668-BE54-9A1E7A4F7556}") = "Ecommerce.DataAccessor", "Ecommerce.DataAccessor\Ecommerce.DataAccessor.csproj", "{6D09EF6C-96A3-40A8-9EB2-B532CBAC26F3}"
EndProject
Project("{9A19103F-16F7-4668-BE54-9A1E7A4F7556}") = "Ecommerce.Admin", "Ecommerce.Admin\Ecommerce.Admin.csproj", "{2776E7E8-5B5C-4274-B7FF-67A09CBAB81E}"
EndProject
Project("{9A19103F-16F7-4668-BE54-9A1E7A4F7556}") = "Ecommerce.UnitTests", "Ecommerce.UnitTests\Ecommerce.UnitTests.csproj", "{9ED6BBBC-EE50-493B-B38B-FF9E34AA1046}"
EndProject
Project("{9A19103F-16F7-4668-BE54-9A1E7A4F7556}") = "Ecommerce.Tests", "Ecommerce.Tests\Ecommerce.Tests.csproj", "{C2FB5824-13E2-4B92-9DBD-51FEED5F7789}"
EndProject
Project("{FAE04EC0-301F-11D3-BF4B-00C04F79EFBC}") = "Ecommerce.Identity", "Ecommerce.Identity\Ecommerce.Identity.csproj", "{166231D8-0466-41C4-A038-1323519C0600}"
EndProject
Global
	GlobalSection(SolutionConfigurationPlatforms) = preSolution
		Debug|Any CPU = Debug|Any CPU
		Release|Any CPU = Release|Any CPU
	EndGlobalSection
	GlobalSection(ProjectConfigurationPlatforms) = postSolution
		{6AC4AC8F-E20B-4239-BD82-19817699BC0E}.Debug|Any CPU.ActiveCfg = Debug|Any CPU
		{6AC4AC8F-E20B-4239-BD82-19817699BC0E}.Debug|Any CPU.Build.0 = Debug|Any CPU
		{6AC4AC8F-E20B-4239-BD82-19817699BC0E}.Release|Any CPU.ActiveCfg = Release|Any CPU
		{6AC4AC8F-E20B-4239-BD82-19817699BC0E}.Release|Any CPU.Build.0 = Release|Any CPU
		{A2826DDA-E7D2-49B7-BC1A-90C84B1031C2}.Debug|Any CPU.ActiveCfg = Debug|Any CPU
		{A2826DDA-E7D2-49B7-BC1A-90C84B1031C2}.Debug|Any CPU.Build.0 = Debug|Any CPU
		{A2826DDA-E7D2-49B7-BC1A-90C84B1031C2}.Release|Any CPU.ActiveCfg = Release|Any CPU
		{A2826DDA-E7D2-49B7-BC1A-90C84B1031C2}.Release|Any CPU.Build.0 = Release|Any CPU
		{36B1C265-F937-44BA-ABD1-E2FD985D6469}.Debug|Any CPU.ActiveCfg = Debug|Any CPU
		{36B1C265-F937-44BA-ABD1-E2FD985D6469}.Debug|Any CPU.Build.0 = Debug|Any CPU
		{36B1C265-F937-44BA-ABD1-E2FD985D6469}.Release|Any CPU.ActiveCfg = Release|Any CPU
		{36B1C265-F937-44BA-ABD1-E2FD985D6469}.Release|Any CPU.Build.0 = Release|Any CPU
		{6D09EF6C-96A3-40A8-9EB2-B532CBAC26F3}.Debug|Any CPU.ActiveCfg = Debug|Any CPU
		{6D09EF6C-96A3-40A8-9EB2-B532CBAC26F3}.Debug|Any CPU.Build.0 = Debug|Any CPU
		{6D09EF6C-96A3-40A8-9EB2-B532CBAC26F3}.Release|Any CPU.ActiveCfg = Release|Any CPU
		{6D09EF6C-96A3-40A8-9EB2-B532CBAC26F3}.Release|Any CPU.Build.0 = Release|Any CPU
		{2776E7E8-5B5C-4274-B7FF-67A09CBAB81E}.Debug|Any CPU.ActiveCfg = Debug|Any CPU
		{2776E7E8-5B5C-4274-B7FF-67A09CBAB81E}.Debug|Any CPU.Build.0 = Debug|Any CPU
		{2776E7E8-5B5C-4274-B7FF-67A09CBAB81E}.Release|Any CPU.ActiveCfg = Release|Any CPU
		{2776E7E8-5B5C-4274-B7FF-67A09CBAB81E}.Release|Any CPU.Build.0 = Release|Any CPU
		{9ED6BBBC-EE50-493B-B38B-FF9E34AA1046}.Debug|Any CPU.ActiveCfg = Debug|Any CPU
		{9ED6BBBC-EE50-493B-B38B-FF9E34AA1046}.Debug|Any CPU.Build.0 = Debug|Any CPU
		{9ED6BBBC-EE50-493B-B38B-FF9E34AA1046}.Release|Any CPU.ActiveCfg = Release|Any CPU
		{9ED6BBBC-EE50-493B-B38B-FF9E34AA1046}.Release|Any CPU.Build.0 = Release|Any CPU
		{C2FB5824-13E2-4B92-9DBD-51FEED5F7789}.Debug|Any CPU.ActiveCfg = Debug|Any CPU
		{C2FB5824-13E2-4B92-9DBD-51FEED5F7789}.Debug|Any CPU.Build.0 = Debug|Any CPU
		{C2FB5824-13E2-4B92-9DBD-51FEED5F7789}.Release|Any CPU.ActiveCfg = Release|Any CPU
		{C2FB5824-13E2-4B92-9DBD-51FEED5F7789}.Release|Any CPU.Build.0 = Release|Any CPU
		{166231D8-0466-41C4-A038-1323519C0600}.Debug|Any CPU.ActiveCfg = Debug|Any CPU
		{166231D8-0466-41C4-A038-1323519C0600}.Debug|Any CPU.Build.0 = Debug|Any CPU
		{166231D8-0466-41C4-A038-1323519C0600}.Release|Any CPU.ActiveCfg = Release|Any CPU
		{166231D8-0466-41C4-A038-1323519C0600}.Release|Any CPU.Build.0 = Release|Any CPU
	EndGlobalSection
	GlobalSection(SolutionProperties) = preSolution
		HideSolutionNode = FALSE
	EndGlobalSection
	GlobalSection(ExtensibilityGlobals) = postSolution
		SolutionGuid = {DDEC25CB-A3BA-4E2C-AEC1-DF668782E985}
	EndGlobalSection
EndGlobal
